github.com/dikako/go-module v1.0.3 h1:EUQUM5pAFdsG1IRP/kj6cx8lWvov3yQc0RHAcJsliRg=
github.com/dikako/go-module v1.0.3/go.mod h1:cG8U0fFS8KetckH8G6mFJ2EwgPmRvfjjDw5EkrCHQ+0=
github.com/dikako/go-module v1.1.0 h1:IRj2izCUbe4viyV91tRreh/933QECViOIrWnMK2MGAQ=
github.com/dikako/go-module v1.1.0/go.mod h1:cG8U0fFS8KetckH8G6mFJ2EwgPmRvfjjDw5EkrCHQ+0=
